{
  "name": "hw3_platforms",
  "version": "1.0.0",
  "lockfileVersion": 3,
  "requires": true,
  "packages": {
    "": {
      "name": "hw3_platforms",
      "version": "1.0.0",
      "license": "ISC",
      "dependencies": {
        "@vyacheslavbakashov/ajs": "^1.0.0"
      }
    },
    "node_modules/@vyacheslavbakashov/ajs": {
      "version": "1.0.0",
      "resolved": "https://npm.pkg.github.com/download/@vyacheslavbakashov/ajs/1.0.0/150dc0bf39c342d36ae707a29eb4d8bfcd8dd62e",
      "integrity": "sha512-DrkYp433UQ8lQtMhWO5F5FvT3hmgeGdgv4//RCXr0hWa0RUgLQgy4l7Fz/x+x6mZNW1i82S1+o2xNyGlaAjGgQ==",
      "license": "ISC"
    }
  }
}
